{
  "pins" : [
    {
      "identity" : "ghgungnircore",
      "kind" : "remoteSourceControl",
      "location" : "https://github.com/XbikeJavierBC/ghgungnircore.git",
      "state" : {
        "branch" : "main",
        "revision" : "bd3208c774d66987a2191bd016e54b40b666c23c"
      }
    }
  ],
  "version" : 2
}
